
Microsoft Visual Studio Solution File, Format Version 12.00
# Visual Studio Version 17
VisualStudioVersion = 17.4.33213.308
MinimumVisualStudioVersion = 10.0.40219.1
Project("{FAE04EC0-301F-11D3-BF4B-00C04F79EFBC}") = "LearningEF", "LearningEF\LearningEF.csproj", "{C3595FE7-42AC-47F1-90AF-8142884200A7}"
EndProject
Project("{FAE04EC0-301F-11D3-BF4B-00C04F79EFBC}") = "DataBase", "DataBase\DataBase.csproj", "{0BEAEE9F-9E30-4298-9A14-682E484B7705}"
EndProject
Global
	GlobalSection(SolutionConfigurationPlatforms) = preSolution
		Debug|Any CPU = Debug|Any CPU
		Release|Any CPU = Release|Any CPU
	EndGlobalSection
	GlobalSection(ProjectConfigurationPlatforms) = postSolution
		{C3595FE7-42AC-47F1-90AF-8142884200A7}.Debug|Any CPU.ActiveCfg = Debug|Any CPU
		{C3595FE7-42AC-47F1-90AF-8142884200A7}.Debug|Any CPU.Build.0 = Debug|Any CPU
		{C3595FE7-42AC-47F1-90AF-8142884200A7}.Release|Any CPU.ActiveCfg = Release|Any CPU
		{C3595FE7-42AC-47F1-90AF-8142884200A7}.Release|Any CPU.Build.0 = Release|Any CPU
		{0BEAEE9F-9E30-4298-9A14-682E484B7705}.Debug|Any CPU.ActiveCfg = Debug|Any CPU
		{0BEAEE9F-9E30-4298-9A14-682E484B7705}.Debug|Any CPU.Build.0 = Debug|Any CPU
		{0BEAEE9F-9E30-4298-9A14-682E484B7705}.Release|Any CPU.ActiveCfg = Release|Any CPU
		{0BEAEE9F-9E30-4298-9A14-682E484B7705}.Release|Any CPU.Build.0 = Release|Any CPU
	EndGlobalSection
	GlobalSection(SolutionProperties) = preSolution
		HideSolutionNode = FALSE
	EndGlobalSection
	GlobalSection(ExtensibilityGlobals) = postSolution
		SolutionGuid = {2DE4EE23-D6FC-41DB-8B87-DC1E248B4CDF}
	EndGlobalSection
EndGlobal
